// !$*UTF8*$!
{
	archiveVersion = 1;
	classes = {
	};
	objectVersion = 56;
	objects = {

/* Begin PBXBuildFile section */
		81BA2E1929AD25840069EAE3 /* AppDelegate.swift in Sources */ = {isa = PBXBuildFile; fileRef = 81BA2E1829AD25840069EAE3 /* AppDelegate.swift */; };
		81BA2E1B29AD25840069EAE3 /* ViewController.swift in Sources */ = {isa = PBXBuildFile; fileRef = 81BA2E1A29AD25840069EAE3 /* ViewController.swift */; };
		81BA2E1E29AD25840069EAE3 /* Main.storyboard in Resources */ = {isa = PBXBuildFile; fileRef = 81BA2E1C29AD25840069EAE3 /* Main.storyboard */; };
		81BA2E2029AD25840069EAE3 /* Assets.xcassets in Resources */ = {isa = PBXBuildFile; fileRef = 81BA2E1F29AD25840069EAE3 /* Assets.xcassets */; };
		81BA2E2329AD25840069EAE3 /* LaunchScreen.storyboard in Resources */ = {isa = PBXBuildFile; fileRef = 81BA2E2129AD25840069EAE3 /* LaunchScreen.storyboard */; };
		81BA2E2B29AD25AB0069EAE3 /* PodcastAPI in Frameworks */ = {isa = PBXBuildFile; productRef = 81BA2E2A29AD25AB0069EAE3 /* PodcastAPI */; };
/* End PBXBuildFile section */

/* Begin PBXFileReference section */
		81BA2E1529AD25840069EAE3 /* TVAppWebServices.app */ = {isa = PBXFileReference; explicitFileType = wrapper.application; includeInIndex = 0; path = TVAppWebServices.app; sourceTree = BUILT_PRODUCTS_DIR; };
		81BA2E1829AD25840069EAE3 /* AppDelegate.swift */ = {isa = PBXFileReference; lastKnownFileType = sourcecode.swift; path = AppDelegate.swift; sourceTree = "<group>"; };
		81BA2E1A29AD25840069EAE3 /* ViewController.swift */ = {isa = PBXFileReference; lastKnownFileType = sourcecode.swift; path = ViewController.swift; sourceTree = "<group>"; };
		81BA2E1D29AD25840069EAE3 /* Base */ = {isa = PBXFileReference; lastKnownFileType = file.storyboard; name = Base; path = Base.lproj/Main.storyboard; sourceTree = "<group>"; };
		81BA2E1F29AD25840069EAE3 /* Assets.xcassets */ = {isa = PBXFileReference; lastKnownFileType = folder.assetcatalog; path = Assets.xcassets; sourceTree = "<group>"; };
		81BA2E2229AD25840069EAE3 /* Base */ = {isa = PBXFileReference; lastKnownFileType = file.storyboard; name = Base; path = Base.lproj/LaunchScreen.storyboard; sourceTree = "<group>"; };
/* End PBXFileReference section */

/* Begin PBXFrameworksBuildPhase section */
		81BA2E1229AD25830069EAE3 /* Frameworks */ = {
			isa = PBXFrameworksBuildPhase;
			buildActionMask = 2147483647;
			files = (
				81BA2E2B29AD25AB0069EAE3 /* PodcastAPI in Frameworks */,
			);
			runOnlyForDeploymentPostprocessing = 0;
		};
/* End PBXFrameworksBuildPhase section */

/* Begin PBXGroup section */
		81BA2E0C29AD25830069EAE3 = {
			isa = PBXGroup;
			children = (
				81BA2E1729AD25840069EAE3 /* TVAppWebServices */,
				81BA2E1629AD25840069EAE3 /* Products */,
			);
			sourceTree = "<group>";
		};
		81BA2E1629AD25840069EAE3 /* Products */ = {
			isa = PBXGroup;
			children = (
				81BA2E1529AD25840069EAE3 /* TVAppWebServices.app */,
			);
			name = Products;
			sourceTree = "<group>";
		};
		81BA2E1729AD25840069EAE3 /* TVAppWebServices */ = {
			isa = PBXGroup;
			children = (
				81BA2E1829AD25840069EAE3 /* AppDelegate.swift */,
				81BA2E1A29AD25840069EAE3 /* ViewController.swift */,
				81BA2E1C29AD25840069EAE3 /* Main.storyboard */,
				81BA2E1F29AD25840069EAE3 /* Assets.xcassets */,
				81BA2E2129AD25840069EAE3 /* LaunchScreen.storyboard */,
			);
			path = TVAppWebServices;
			sourceTree = "<group>";
		};
/* End PBXGroup section */

/* Begin PBXNativeTarget section */
		81BA2E1429AD25830069EAE3 /* TVAppWebServices */ = {
			isa = PBXNativeTarget;
			buildConfigurationList = 81BA2E2629AD25840069EAE3 /* Build configuration list for PBXNativeTarget "TVAppWebServices" */;
			buildPhases = (
				81BA2E1129AD25830069EAE3 /* Sources */,
				81BA2E1229AD25830069EAE3 /* Frameworks */,
				81BA2E1329AD25830069EAE3 /* Resources */,
			);
			buildRules = (
			);
			dependencies = (
			);
			name = TVAppWebServices;
			packageProductDependencies = (
				81BA2E2A29AD25AB0069EAE3 /* PodcastAPI */,
			);
			productName = TVAppWebServices;
			productReference = 81BA2E1529AD25840069EAE3 /* TVAppWebServices.app */;
			productType = "com.apple.product-type.application";
		};
/* End PBXNativeTarget section */

/* Begin PBXProject section */
		81BA2E0D29AD25830069EAE3 /* Project object */ = {
			isa = PBXProject;
			attributes = {
				BuildIndependentTargetsInParallel = 1;
				LastSwiftUpdateCheck = 1420;
				LastUpgradeCheck = 1420;
				TargetAttributes = {
					81BA2E1429AD25830069EAE3 = {
						CreatedOnToolsVersion = 14.2;
					};
				};
			};
			buildConfigurationList = 81BA2E1029AD25830069EAE3 /* Build configuration list for PBXProject "TVAppWebServices" */;
			compatibilityVersion = "Xcode 14.0";
			developmentRegion = en;
			hasScannedForEncodings = 0;
			knownRegions = (
				en,
				Base,
			);
			mainGroup = 81BA2E0C29AD25830069EAE3;
			packageReferences = (
				81BA2E2929AD25AB0069EAE3 /* XCRemoteSwiftPackageReference "podcast-api-swift" */,
			);
			productRefGroup = 81BA2E1629AD25840069EAE3 /* Products */;
			projectDirPath = "";
			projectRoot = "";
			targets = (
				81BA2E1429AD25830069EAE3 /* TVAppWebServices */,
			);
		};
/* End PBXProject section */

/* Begin PBXResourcesBuildPhase section */
		81BA2E1329AD25830069EAE3 /* Resources */ = {
			isa = PBXResourcesBuildPhase;
			buildActionMask = 2147483647;
			files = (
				81BA2E2329AD25840069EAE3 /* LaunchScreen.storyboard in Resources */,
				81BA2E2029AD25840069EAE3 /* Assets.xcassets in Resources */,
				81BA2E1E29AD25840069EAE3 /* Main.storyboard in Resources */,
			);
			runOnlyForDeploymentPostprocessing = 0;
		};
/* End PBXResourcesBuildPhase section */

/* Begin PBXSourcesBuildPhase section */
		81BA2E1129AD25830069EAE3 /* Sources */ = {
			isa = PBXSourcesBuildPhase;
			buildActionMask = 2147483647;
			files = (
				81BA2E1B29AD25840069EAE3 /* ViewController.swift in Sources */,
				81BA2E1929AD25840069EAE3 /* AppDelegate.swift in Sources */,
			);
			runOnlyForDeploymentPostprocessing = 0;
		};
/* End PBXSourcesBuildPhase section */

/* Begin PBXVariantGroup section */
		81BA2E1C29AD25840069EAE3 /* Main.storyboard */ = {
			isa = PBXVariantGroup;
			children = (
				81BA2E1D29AD25840069EAE3 /* Base */,
			);
			name = Main.storyboard;
			sourceTree = "<group>";
		};
		81BA2E2129AD25840069EAE3 /* LaunchScreen.storyboard */ = {
			isa = PBXVariantGroup;
			children = (
				81BA2E2229AD25840069EAE3 /* Base */,
			);
			name = LaunchScreen.storyboard;
			sourceTree = "<group>";
		};
/* End PBXVariantGroup section */

/* Begin XCBuildConfiguration section */
		81BA2E2429AD25840069EAE3 /* Debug */ = {
			isa = XCBuildConfiguration;
			buildSettings = {
				ALWAYS_SEARCH_USER_PATHS = NO;
				CLANG_ANALYZER_NONNULL = YES;
				CLANG_ANALYZER_NUMBER_OBJECT_CONVERSION = YES_AGGRESSIVE;
				CLANG_CXX_LANGUAGE_STANDARD = "gnu++20";
				CLANG_ENABLE_MODULES = YES;
				CLANG_ENABLE_OBJC_ARC = YES;
				CLANG_ENABLE_OBJC_WEAK = YES;
				CLANG_WARN_BLOCK_CAPTURE_AUTORELEASING = YES;
				CLANG_WARN_BOOL_CONVERSION = YES;
				CLANG_WARN_COMMA = YES;
				CLANG_WARN_CONSTANT_CONVERSION = YES;
				CLANG_WARN_DEPRECATED_OBJC_IMPLEMENTATIONS = YES;
				CLANG_WARN_DIRECT_OBJC_ISA_USAGE = YES_ERROR;
				CLANG_WARN_DOCUMENTATION_COMMENTS = YES;
				CLANG_WARN_EMPTY_BODY = YES;
				CLANG_WARN_ENUM_CONVERSION = YES;
				CLANG_WARN_INFINITE_RECURSION = YES;
				CLANG_WARN_INT_CONVERSION = YES;
				CLANG_WARN_NON_LITERAL_NULL_CONVERSION = YES;
				CLANG_WARN_OBJC_IMPLICIT_RETAIN_SELF = YES;
				CLANG_WARN_OBJC_LITERAL_CONVERSION = YES;
				CLANG_WARN_OBJC_ROOT_CLASS = YES_ERROR;
				CLANG_WARN_QUOTED_INCLUDE_IN_FRAMEWORK_HEADER = YES;
				CLANG_WARN_RANGE_LOOP_ANALYSIS = YES;
				CLANG_WARN_STRICT_PROTOTYPES = YES;
				CLANG_WARN_SUSPICIOUS_MOVE = YES;
				CLANG_WARN_UNGUARDED_AVAILABILITY = YES_AGGRESSIVE;
				CLANG_WARN_UNREACHABLE_CODE = YES;
				CLANG_WARN__DUPLICATE_METHOD_MATCH = YES;
				COPY_PHASE_STRIP = NO;
				DEBUG_INFORMATION_FORMAT = dwarf;
				ENABLE_STRICT_OBJC_MSGSEND = YES;
				ENABLE_TESTABILITY = YES;
				GCC_C_LANGUAGE_STANDARD = gnu11;
				GCC_DYNAMIC_NO_PIC = NO;
				GCC_NO_COMMON_BLOCKS = YES;
				GCC_OPTIMIZATION_LEVEL = 0;
				GCC_PREPROCESSOR_DEFINITIONS = (
					"DEBUG=1",
					"$(inherited)",
				);
				GCC_WARN_64_TO_32_BIT_CONVERSION = YES;
				GCC_WARN_ABOUT_RETURN_TYPE = YES_ERROR;
				GCC_WARN_UNDECLARED_SELECTOR = YES;
				GCC_WARN_UNINITIALIZED_AUTOS = YES_AGGRESSIVE;
				GCC_WARN_UNUSED_FUNCTION = YES;
				GCC_WARN_UNUSED_VARIABLE = YES;
				MTL_ENABLE_DEBUG_INFO = INCLUDE_SOURCE;
				MTL_FAST_MATH = YES;
				ONLY_ACTIVE_ARCH = YES;
				SDKROOT = appletvos;
				SWIFT_ACTIVE_COMPILATION_CONDITIONS = DEBUG;
				SWIFT_OPTIMIZATION_LEVEL = "-Onone";
				TVOS_DEPLOYMENT_TARGET = 16.1;
			};
			name = Debug;
		};
		81BA2E2529AD25840069EAE3 /* Release */ = {
			isa = XCBuildConfiguration;
			buildSettings = {
				ALWAYS_SEARCH_USER_PATHS = NO;
				CLANG_ANALYZER_NONNULL = YES;
				CLANG_ANALYZER_NUMBER_OBJECT_CONVERSION = YES_AGGRESSIVE;
				CLANG_CXX_LANGUAGE_STANDARD = "gnu++20";
				CLANG_ENABLE_MODULES = YES;
				CLANG_ENABLE_OBJC_ARC = YES;
				CLANG_ENABLE_OBJC_WEAK = YES;
				CLANG_WARN_BLOCK_CAPTURE_AUTORELEASING = YES;
				CLANG_WARN_BOOL_CONVERSION = YES;
				CLANG_WARN_COMMA = YES;
				CLANG_WARN_CONSTANT_CONVERSION = YES;
				CLANG_WARN_DEPRECATED_OBJC_IMPLEMENTATIONS = YES;
				CLANG_WARN_DIRECT_OBJC_ISA_USAGE = YES_ERROR;
				CLANG_WARN_DOCUMENTATION_COMMENTS = YES;
				CLANG_WARN_EMPTY_BODY = YES;
				CLANG_WARN_ENUM_CONVERSION = YES;
				CLANG_WARN_INFINITE_RECURSION = YES;
				CLANG_WARN_INT_CONVERSION = YES;
				CLANG_WARN_NON_LITERAL_NULL_CONVERSION = YES;
				CLANG_WARN_OBJC_IMPLICIT_RETAIN_SELF = YES;
				CLANG_WARN_OBJC_LITERAL_CONVERSION = YES;
				CLANG_WARN_OBJC_ROOT_CLASS = YES_ERROR;
				CLANG_WARN_QUOTED_INCLUDE_IN_FRAMEWORK_HEADER = YES;
				CLANG_WARN_RANGE_LOOP_ANALYSIS = YES;
				CLANG_WARN_STRICT_PROTOTYPES = YES;
				CLANG_WARN_SUSPICIOUS_MOVE = YES;
				CLANG_WARN_UNGUARDED_AVAILABILITY = YES_AGGRESSIVE;
				CLANG_WARN_UNREACHABLE_CODE = YES;
				CLANG_WARN__DUPLICATE_METHOD_MATCH = YES;
				COPY_PHASE_STRIP = NO;
				DEBUG_INFORMATION_FORMAT = "dwarf-with-dsym";
				ENABLE_NS_ASSERTIONS = NO;
				ENABLE_STRICT_OBJC_MSGSEND = YES;
				GCC_C_LANGUAGE_STANDARD = gnu11;
				GCC_NO_COMMON_BLOCKS = YES;
				GCC_WARN_64_TO_32_BIT_CONVERSION = YES;
				GCC_WARN_ABOUT_RETURN_TYPE = YES_ERROR;
				GCC_WARN_UNDECLARED_SELECTOR = YES;
				GCC_WARN_UNINITIALIZED_AUTOS = YES_AGGRESSIVE;
				GCC_WARN_UNUSED_FUNCTION = YES;
				GCC_WARN_UNUSED_VARIABLE = YES;
				MTL_ENABLE_DEBUG_INFO = NO;
				MTL_FAST_MATH = YES;
				SDKROOT = appletvos;
				SWIFT_COMPILATION_MODE = wholemodule;
				SWIFT_OPTIMIZATION_LEVEL = "-O";
				TVOS_DEPLOYMENT_TARGET = 16.1;
				VALIDATE_PRODUCT = YES;
			};
			name = Release;
		};
		81BA2E2729AD25840069EAE3 /* Debug */ = {
			isa = XCBuildConfiguration;
			buildSettings = {
				ASSETCATALOG_COMPILER_APPICON_NAME = "App Icon & Top Shelf Image";
				ASSETCATALOG_COMPILER_GLOBAL_ACCENT_COLOR_NAME = AccentColor;
				CODE_SIGN_STYLE = Automatic;
				CURRENT_PROJECT_VERSION = 1;
				DEVELOPMENT_TEAM = D9TZTLV9Q2;
				GENERATE_INFOPLIST_FILE = YES;
				INFOPLIST_KEY_UILaunchStoryboardName = LaunchScreen;
				INFOPLIST_KEY_UIMainStoryboardFile = Main;
				INFOPLIST_KEY_UIUserInterfaceStyle = Automatic;
				LD_RUNPATH_SEARCH_PATHS = (
					"$(inherited)",
					"@executable_path/Frameworks",
				);
				MARKETING_VERSION = 1.0;
				PRODUCT_BUNDLE_IDENTIFIER = "Jonathan-Kearns.TVAppWebServices";
				PRODUCT_NAME = "$(TARGET_NAME)";
				SWIFT_EMIT_LOC_STRINGS = YES;
				SWIFT_VERSION = 5.0;
				TARGETED_DEVICE_FAMILY = 3;
			};
			name = Debug;
		};
		81BA2E2829AD25840069EAE3 /* Release */ = {
			isa = XCBuildConfiguration;
			buildSettings = {
				ASSETCATALOG_COMPILER_APPICON_NAME = "App Icon & Top Shelf Image";
				ASSETCATALOG_COMPILER_GLOBAL_ACCENT_COLOR_NAME = AccentColor;
				CODE_SIGN_STYLE = Automatic;
				CURRENT_PROJECT_VERSION = 1;
				DEVELOPMENT_TEAM = D9TZTLV9Q2;
				GENERATE_INFOPLIST_FILE = YES;
				INFOPLIST_KEY_UILaunchStoryboardName = LaunchScreen;
				INFOPLIST_KEY_UIMainStoryboardFile = Main;
				INFOPLIST_KEY_UIUserInterfaceStyle = Automatic;
				LD_RUNPATH_SEARCH_PATHS = (
					"$(inherited)",
					"@executable_path/Frameworks",
				);
				MARKETING_VERSION = 1.0;
				PRODUCT_BUNDLE_IDENTIFIER = "Jonathan-Kearns.TVAppWebServices";
				PRODUCT_NAME = "$(TARGET_NAME)";
				SWIFT_EMIT_LOC_STRINGS = YES;
				SWIFT_VERSION = 5.0;
				TARGETED_DEVICE_FAMILY = 3;
			};
			name = Release;
		};
/* End XCBuildConfiguration section */

/* Begin XCConfigurationList section */
		81BA2E1029AD25830069EAE3 /* Build configuration list for PBXProject "TVAppWebServices" */ = {
			isa = XCConfigurationList;
			buildConfigurations = (
				81BA2E2429AD25840069EAE3 /* Debug */,
				81BA2E2529AD25840069EAE3 /* Release */,
			);
			defaultConfigurationIsVisible = 0;
			defaultConfigurationName = Release;
		};
		81BA2E2629AD25840069EAE3 /* Build configuration list for PBXNativeTarget "TVAppWebServices" */ = {
			isa = XCConfigurationList;
			buildConfigurations = (
				81BA2E2729AD25840069EAE3 /* Debug */,
				81BA2E2829AD25840069EAE3 /* Release */,
			);
			defaultConfigurationIsVisible = 0;
			defaultConfigurationName = Release;
		};
/* End XCConfigurationList section */

/* Begin XCRemoteSwiftPackageReference section */
		81BA2E2929AD25AB0069EAE3 /* XCRemoteSwiftPackageReference "podcast-api-swift" */ = {
			isa = XCRemoteSwiftPackageReference;
			repositoryURL = "https://github.com/ListenNotes/podcast-api-swift.git";
			requirement = {
				branch = main;
				kind = branch;
			};
		};
/* End XCRemoteSwiftPackageReference section */

/* Begin XCSwiftPackageProductDependency section */
		81BA2E2A29AD25AB0069EAE3 /* PodcastAPI */ = {
			isa = XCSwiftPackageProductDependency;
			package = 81BA2E2929AD25AB0069EAE3 /* XCRemoteSwiftPackageReference "podcast-api-swift" */;
			productName = PodcastAPI;
		};
/* End XCSwiftPackageProductDependency section */
	};
	rootObject = 81BA2E0D29AD25830069EAE3 /* Project object */;
}
