{
  "pins" : [
    {
      "identity" : "podcast-api-swift",
      "kind" : "remoteSourceControl",
      "location" : "https://github.com/ListenNotes/podcast-api-swift.git",
      "state" : {
        "branch" : "main",
        "revision" : "fdae9cedf39540023ea40c3092128cb9473e62ab"
      }
    },
    {
      "identity" : "swiftyjson",
      "kind" : "remoteSourceControl",
      "location" : "https://github.com/SwiftyJSON/SwiftyJSON.git",
      "state" : {
        "revision" : "2b6054efa051565954e1d2b9da831680026cd768",
        "version" : "4.3.0"
      }
    }
  ],
  "version" : 2
}
